<Solution>
  <Project Path="Archery.Shared/Archery.Shared.csproj" Id="8ad567a6-c98c-41ea-898b-e69b80fbe1c8" />
  <Project Path="GoldTracker.Edge/GoldTracker.Edge.csproj" Id="ac570a9f-d57a-46c3-a2c2-cdf5de76e268" />
  <Project Path="GoldTracker.Mobile/GoldTracker.Mobile.csproj" Id="e07d5760-2376-4732-9563-9d1f14071278">
    <Deploy Solution="Debug|*" />
  </Project>
  <Project Path="GoldTracker.Server/GoldTracker.Server.csproj" Id="0ea22bc4-92a8-4b27-81b4-e67a1ac0f7d1" />
</Solution>
